lockfileVersion: 5.4

specifiers:
  commander: ^9.4.1
  lru-cache: ^7.14.1

dependencies:
  commander: 9.4.1
  lru-cache: 7.14.1

packages:

  /commander/9.4.1:
    resolution: {integrity: sha512-5EEkTNyHNGFPD2H+c/dXXfQZYa/scCKasxWcXJaWnNJ99pnQN9Vnmqow+p+PlFPE63Q6mThaZws1T+HxfpgtPw==}
    engines: {node: ^12.20.0 || >=14}
    dev: false

  /lru-cache/7.14.1:
    resolution: {integrity: sha512-ysxwsnTKdAx96aTRdhDOCQfDgbHnt8SK0KY8SEjO0wHinhWOFTESbjVCMPbU1uGXg/ch4lifqx0wfjOawU2+WA==}
    engines: {node: '>=12'}
    dev: false
